
Microsoft Visual Studio Solution File, Format Version 12.00
# Visual Studio Version 17
VisualStudioVersion = 17.10.34916.146
MinimumVisualStudioVersion = 10.0.40219.1
Project("{9A19103F-16F7-4668-BE54-9A1E7A4F7556}") = "Variables", "Variables\Variables.csproj", "{561D65E1-0EC1-4ED7-8863-F59DDE1A309D}"
EndProject
Project("{9A19103F-16F7-4668-BE54-9A1E7A4F7556}") = "TipoDeDatos", "TipoDeDatos\TipoDeDatos.csproj", "{4535785B-3C6E-4C33-8A4D-6CC3469D60C5}"
EndProject
Project("{9A19103F-16F7-4668-BE54-9A1E7A4F7556}") = "Funciones", "Funciones\Funciones.csproj", "{8122A017-17BC-4CED-9F63-BA0CBC581501}"
EndProject
Project("{9A19103F-16F7-4668-BE54-9A1E7A4F7556}") = "SentenciaIf", "SentenciaIf\SentenciaIf.csproj", "{2580F292-994C-4E68-B125-04C9453921E6}"
EndProject
Project("{9A19103F-16F7-4668-BE54-9A1E7A4F7556}") = "Switch", "Switch\Switch.csproj", "{B739AD24-E272-47AE-AEAB-64C494FB3FC7}"
EndProject
Project("{9A19103F-16F7-4668-BE54-9A1E7A4F7556}") = "Arreglo", "Arreglo\Arreglo.csproj", "{2E863401-D4ED-4640-B21F-49F2EDFECFD2}"
EndProject
Project("{9A19103F-16F7-4668-BE54-9A1E7A4F7556}") = "While", "While\While.csproj", "{BD5D7525-98E3-4DAB-98C4-DBE1DE73C8CE}"
EndProject
Project("{9A19103F-16F7-4668-BE54-9A1E7A4F7556}") = "For", "For\For.csproj", "{AC7A287C-A949-4EF9-971A-5A3D7B6B911A}"
EndProject
Project("{9A19103F-16F7-4668-BE54-9A1E7A4F7556}") = "ClasesYObjetos", "ClasesYObjetos\ClasesYObjetos.csproj", "{3D0A19EC-03FD-493B-BF24-F21C5F1C882F}"
EndProject
Project("{9A19103F-16F7-4668-BE54-9A1E7A4F7556}") = "Propiedades", "Propiedades\Propiedades.csproj", "{27AEFC1E-31A4-4ACC-A3AD-1CC4F2DC032F}"
EndProject
Project("{9A19103F-16F7-4668-BE54-9A1E7A4F7556}") = "Herencia", "Herencia\Herencia.csproj", "{FB1BC1B2-4C4C-41FE-A0A0-2D3AB3E93932}"
EndProject
Project("{9A19103F-16F7-4668-BE54-9A1E7A4F7556}") = "SobreCargaMetodos", "SobreCargaMetodos\SobreCargaMetodos.csproj", "{06B6948D-E8AA-46FA-977F-1EFF1FEF6E7C}"
EndProject
Project("{9A19103F-16F7-4668-BE54-9A1E7A4F7556}") = "Sobreescritura", "Sobreescritura\Sobreescritura.csproj", "{41B0613B-531D-45A7-A863-386A819158A7}"
EndProject
Project("{9A19103F-16F7-4668-BE54-9A1E7A4F7556}") = "Static", "Static\Static.csproj", "{CD1E2403-8ECB-4A68-BC78-57A3228B7FC9}"
EndProject
Project("{9A19103F-16F7-4668-BE54-9A1E7A4F7556}") = "Interface", "Interface\Interface.csproj", "{8C2070BB-065C-4EA1-AD61-D46A8D9B3C52}"
EndProject
Project("{FAE04EC0-301F-11D3-BF4B-00C04F79EFBC}") = "Generics", "Generics\Generics.csproj", "{0E06DF42-9CF7-4622-9556-84767F38FDDE}"
EndProject
Global
	GlobalSection(SolutionConfigurationPlatforms) = preSolution
		Debug|Any CPU = Debug|Any CPU
		Release|Any CPU = Release|Any CPU
	EndGlobalSection
	GlobalSection(ProjectConfigurationPlatforms) = postSolution
		{561D65E1-0EC1-4ED7-8863-F59DDE1A309D}.Debug|Any CPU.ActiveCfg = Debug|Any CPU
		{561D65E1-0EC1-4ED7-8863-F59DDE1A309D}.Debug|Any CPU.Build.0 = Debug|Any CPU
		{561D65E1-0EC1-4ED7-8863-F59DDE1A309D}.Release|Any CPU.ActiveCfg = Release|Any CPU
		{561D65E1-0EC1-4ED7-8863-F59DDE1A309D}.Release|Any CPU.Build.0 = Release|Any CPU
		{4535785B-3C6E-4C33-8A4D-6CC3469D60C5}.Debug|Any CPU.ActiveCfg = Debug|Any CPU
		{4535785B-3C6E-4C33-8A4D-6CC3469D60C5}.Debug|Any CPU.Build.0 = Debug|Any CPU
		{4535785B-3C6E-4C33-8A4D-6CC3469D60C5}.Release|Any CPU.ActiveCfg = Release|Any CPU
		{4535785B-3C6E-4C33-8A4D-6CC3469D60C5}.Release|Any CPU.Build.0 = Release|Any CPU
		{8122A017-17BC-4CED-9F63-BA0CBC581501}.Debug|Any CPU.ActiveCfg = Debug|Any CPU
		{8122A017-17BC-4CED-9F63-BA0CBC581501}.Debug|Any CPU.Build.0 = Debug|Any CPU
		{8122A017-17BC-4CED-9F63-BA0CBC581501}.Release|Any CPU.ActiveCfg = Release|Any CPU
		{8122A017-17BC-4CED-9F63-BA0CBC581501}.Release|Any CPU.Build.0 = Release|Any CPU
		{2580F292-994C-4E68-B125-04C9453921E6}.Debug|Any CPU.ActiveCfg = Debug|Any CPU
		{2580F292-994C-4E68-B125-04C9453921E6}.Debug|Any CPU.Build.0 = Debug|Any CPU
		{2580F292-994C-4E68-B125-04C9453921E6}.Release|Any CPU.ActiveCfg = Release|Any CPU
		{2580F292-994C-4E68-B125-04C9453921E6}.Release|Any CPU.Build.0 = Release|Any CPU
		{B739AD24-E272-47AE-AEAB-64C494FB3FC7}.Debug|Any CPU.ActiveCfg = Debug|Any CPU
		{B739AD24-E272-47AE-AEAB-64C494FB3FC7}.Debug|Any CPU.Build.0 = Debug|Any CPU
		{B739AD24-E272-47AE-AEAB-64C494FB3FC7}.Release|Any CPU.ActiveCfg = Release|Any CPU
		{B739AD24-E272-47AE-AEAB-64C494FB3FC7}.Release|Any CPU.Build.0 = Release|Any CPU
		{2E863401-D4ED-4640-B21F-49F2EDFECFD2}.Debug|Any CPU.ActiveCfg = Debug|Any CPU
		{2E863401-D4ED-4640-B21F-49F2EDFECFD2}.Debug|Any CPU.Build.0 = Debug|Any CPU
		{2E863401-D4ED-4640-B21F-49F2EDFECFD2}.Release|Any CPU.ActiveCfg = Release|Any CPU
		{2E863401-D4ED-4640-B21F-49F2EDFECFD2}.Release|Any CPU.Build.0 = Release|Any CPU
		{BD5D7525-98E3-4DAB-98C4-DBE1DE73C8CE}.Debug|Any CPU.ActiveCfg = Debug|Any CPU
		{BD5D7525-98E3-4DAB-98C4-DBE1DE73C8CE}.Debug|Any CPU.Build.0 = Debug|Any CPU
		{BD5D7525-98E3-4DAB-98C4-DBE1DE73C8CE}.Release|Any CPU.ActiveCfg = Release|Any CPU
		{BD5D7525-98E3-4DAB-98C4-DBE1DE73C8CE}.Release|Any CPU.Build.0 = Release|Any CPU
		{AC7A287C-A949-4EF9-971A-5A3D7B6B911A}.Debug|Any CPU.ActiveCfg = Debug|Any CPU
		{AC7A287C-A949-4EF9-971A-5A3D7B6B911A}.Debug|Any CPU.Build.0 = Debug|Any CPU
		{AC7A287C-A949-4EF9-971A-5A3D7B6B911A}.Release|Any CPU.ActiveCfg = Release|Any CPU
		{AC7A287C-A949-4EF9-971A-5A3D7B6B911A}.Release|Any CPU.Build.0 = Release|Any CPU
		{3D0A19EC-03FD-493B-BF24-F21C5F1C882F}.Debug|Any CPU.ActiveCfg = Debug|Any CPU
		{3D0A19EC-03FD-493B-BF24-F21C5F1C882F}.Debug|Any CPU.Build.0 = Debug|Any CPU
		{3D0A19EC-03FD-493B-BF24-F21C5F1C882F}.Release|Any CPU.ActiveCfg = Release|Any CPU
		{3D0A19EC-03FD-493B-BF24-F21C5F1C882F}.Release|Any CPU.Build.0 = Release|Any CPU
		{27AEFC1E-31A4-4ACC-A3AD-1CC4F2DC032F}.Debug|Any CPU.ActiveCfg = Debug|Any CPU
		{27AEFC1E-31A4-4ACC-A3AD-1CC4F2DC032F}.Debug|Any CPU.Build.0 = Debug|Any CPU
		{27AEFC1E-31A4-4ACC-A3AD-1CC4F2DC032F}.Release|Any CPU.ActiveCfg = Release|Any CPU
		{27AEFC1E-31A4-4ACC-A3AD-1CC4F2DC032F}.Release|Any CPU.Build.0 = Release|Any CPU
		{FB1BC1B2-4C4C-41FE-A0A0-2D3AB3E93932}.Debug|Any CPU.ActiveCfg = Debug|Any CPU
		{FB1BC1B2-4C4C-41FE-A0A0-2D3AB3E93932}.Debug|Any CPU.Build.0 = Debug|Any CPU
		{FB1BC1B2-4C4C-41FE-A0A0-2D3AB3E93932}.Release|Any CPU.ActiveCfg = Release|Any CPU
		{FB1BC1B2-4C4C-41FE-A0A0-2D3AB3E93932}.Release|Any CPU.Build.0 = Release|Any CPU
		{06B6948D-E8AA-46FA-977F-1EFF1FEF6E7C}.Debug|Any CPU.ActiveCfg = Debug|Any CPU
		{06B6948D-E8AA-46FA-977F-1EFF1FEF6E7C}.Debug|Any CPU.Build.0 = Debug|Any CPU
		{06B6948D-E8AA-46FA-977F-1EFF1FEF6E7C}.Release|Any CPU.ActiveCfg = Release|Any CPU
		{06B6948D-E8AA-46FA-977F-1EFF1FEF6E7C}.Release|Any CPU.Build.0 = Release|Any CPU
		{41B0613B-531D-45A7-A863-386A819158A7}.Debug|Any CPU.ActiveCfg = Debug|Any CPU
		{41B0613B-531D-45A7-A863-386A819158A7}.Debug|Any CPU.Build.0 = Debug|Any CPU
		{41B0613B-531D-45A7-A863-386A819158A7}.Release|Any CPU.ActiveCfg = Release|Any CPU
		{41B0613B-531D-45A7-A863-386A819158A7}.Release|Any CPU.Build.0 = Release|Any CPU
		{CD1E2403-8ECB-4A68-BC78-57A3228B7FC9}.Debug|Any CPU.ActiveCfg = Debug|Any CPU
		{CD1E2403-8ECB-4A68-BC78-57A3228B7FC9}.Debug|Any CPU.Build.0 = Debug|Any CPU
		{CD1E2403-8ECB-4A68-BC78-57A3228B7FC9}.Release|Any CPU.ActiveCfg = Release|Any CPU
		{CD1E2403-8ECB-4A68-BC78-57A3228B7FC9}.Release|Any CPU.Build.0 = Release|Any CPU
		{8C2070BB-065C-4EA1-AD61-D46A8D9B3C52}.Debug|Any CPU.ActiveCfg = Debug|Any CPU
		{8C2070BB-065C-4EA1-AD61-D46A8D9B3C52}.Debug|Any CPU.Build.0 = Debug|Any CPU
		{8C2070BB-065C-4EA1-AD61-D46A8D9B3C52}.Release|Any CPU.ActiveCfg = Release|Any CPU
		{8C2070BB-065C-4EA1-AD61-D46A8D9B3C52}.Release|Any CPU.Build.0 = Release|Any CPU
		{0E06DF42-9CF7-4622-9556-84767F38FDDE}.Debug|Any CPU.ActiveCfg = Debug|Any CPU
		{0E06DF42-9CF7-4622-9556-84767F38FDDE}.Debug|Any CPU.Build.0 = Debug|Any CPU
		{0E06DF42-9CF7-4622-9556-84767F38FDDE}.Release|Any CPU.ActiveCfg = Release|Any CPU
		{0E06DF42-9CF7-4622-9556-84767F38FDDE}.Release|Any CPU.Build.0 = Release|Any CPU
	EndGlobalSection
	GlobalSection(SolutionProperties) = preSolution
		HideSolutionNode = FALSE
	EndGlobalSection
	GlobalSection(ExtensibilityGlobals) = postSolution
		SolutionGuid = {B155E07D-55BC-4F02-A5FC-D1B05DE6CC6F}
	EndGlobalSection
EndGlobal
